// !$*UTF8*$!
{
	archiveVersion = 1;
	classes = {
	};
	objectVersion = 50;
	objects = {

/* Begin PBXBuildFile section */
		25EFEB6D25B56AFD005DF546 /* mobile_ios_coins_loaderApp.swift in Sources */ = {isa = PBXBuildFile; fileRef = 25EFEB6C25B56AFD005DF546 /* mobile_ios_coins_loaderApp.swift */; };
		25EFEB6F25B56AFD005DF546 /* ContentView.swift in Sources */ = {isa = PBXBuildFile; fileRef = 25EFEB6E25B56AFD005DF546 /* ContentView.swift */; };
		25EFEB7125B56AFE005DF546 /* Assets.xcassets in Resources */ = {isa = PBXBuildFile; fileRef = 25EFEB7025B56AFE005DF546 /* Assets.xcassets */; };
		25EFEB7425B56AFE005DF546 /* Preview Assets.xcassets in Resources */ = {isa = PBXBuildFile; fileRef = 25EFEB7325B56AFE005DF546 /* Preview Assets.xcassets */; };
/* End PBXBuildFile section */

/* Begin PBXFileReference section */
		25EFEB6925B56AFD005DF546 /* mobile-ios-coins-loader.app */ = {isa = PBXFileReference; explicitFileType = wrapper.application; includeInIndex = 0; path = "mobile-ios-coins-loader.app"; sourceTree = BUILT_PRODUCTS_DIR; };
		25EFEB6C25B56AFD005DF546 /* mobile_ios_coins_loaderApp.swift */ = {isa = PBXFileReference; lastKnownFileType = sourcecode.swift; path = mobile_ios_coins_loaderApp.swift; sourceTree = "<group>"; };
		25EFEB6E25B56AFD005DF546 /* ContentView.swift */ = {isa = PBXFileReference; lastKnownFileType = sourcecode.swift; path = ContentView.swift; sourceTree = "<group>"; };
		25EFEB7025B56AFE005DF546 /* Assets.xcassets */ = {isa = PBXFileReference; lastKnownFileType = folder.assetcatalog; path = Assets.xcassets; sourceTree = "<group>"; };
		25EFEB7325B56AFE005DF546 /* Preview Assets.xcassets */ = {isa = PBXFileReference; lastKnownFileType = folder.assetcatalog; path = "Preview Assets.xcassets"; sourceTree = "<group>"; };
		25EFEB7525B56AFE005DF546 /* Info.plist */ = {isa = PBXFileReference; lastKnownFileType = text.plist.xml; path = Info.plist; sourceTree = "<group>"; };
/* End PBXFileReference section */

/* Begin PBXFrameworksBuildPhase section */
		25EFEB6625B56AFD005DF546 /* Frameworks */ = {
			isa = PBXFrameworksBuildPhase;
			buildActionMask = 2147483647;
			files = (
			);
			runOnlyForDeploymentPostprocessing = 0;
		};
/* End PBXFrameworksBuildPhase section */

/* Begin PBXGroup section */
		25EFEB6025B56AFD005DF546 = {
			isa = PBXGroup;
			children = (
				25EFEB6B25B56AFD005DF546 /* mobile-ios-coins-loader */,
				25EFEB6A25B56AFD005DF546 /* Products */,
			);
			sourceTree = "<group>";
		};
		25EFEB6A25B56AFD005DF546 /* Products */ = {
			isa = PBXGroup;
			children = (
				25EFEB6925B56AFD005DF546 /* mobile-ios-coins-loader.app */,
			);
			name = Products;
			sourceTree = "<group>";
		};
		25EFEB6B25B56AFD005DF546 /* mobile-ios-coins-loader */ = {
			isa = PBXGroup;
			children = (
				25EFEB6C25B56AFD005DF546 /* mobile_ios_coins_loaderApp.swift */,
				25EFEB6E25B56AFD005DF546 /* ContentView.swift */,
				25EFEB7025B56AFE005DF546 /* Assets.xcassets */,
				25EFEB7525B56AFE005DF546 /* Info.plist */,
				25EFEB7225B56AFE005DF546 /* Preview Content */,
			);
			path = "mobile-ios-coins-loader";
			sourceTree = "<group>";
		};
		25EFEB7225B56AFE005DF546 /* Preview Content */ = {
			isa = PBXGroup;
			children = (
				25EFEB7325B56AFE005DF546 /* Preview Assets.xcassets */,
			);
			path = "Preview Content";
			sourceTree = "<group>";
		};
/* End PBXGroup section */

/* Begin PBXNativeTarget section */
		25EFEB6825B56AFD005DF546 /* mobile-ios-coins-loader */ = {
			isa = PBXNativeTarget;
			buildConfigurationList = 25EFEB7825B56AFE005DF546 /* Build configuration list for PBXNativeTarget "mobile-ios-coins-loader" */;
			buildPhases = (
				25EFEB6525B56AFD005DF546 /* Sources */,
				25EFEB6625B56AFD005DF546 /* Frameworks */,
				25EFEB6725B56AFD005DF546 /* Resources */,
			);
			buildRules = (
			);
			dependencies = (
			);
			name = "mobile-ios-coins-loader";
			productName = "mobile-ios-coins-loader";
			productReference = 25EFEB6925B56AFD005DF546 /* mobile-ios-coins-loader.app */;
			productType = "com.apple.product-type.application";
		};
/* End PBXNativeTarget section */

/* Begin PBXProject section */
		25EFEB6125B56AFD005DF546 /* Project object */ = {
			isa = PBXProject;
			attributes = {
				LastSwiftUpdateCheck = 1230;
				LastUpgradeCheck = 1230;
				TargetAttributes = {
					25EFEB6825B56AFD005DF546 = {
						CreatedOnToolsVersion = 12.3;
					};
				};
			};
			buildConfigurationList = 25EFEB6425B56AFD005DF546 /* Build configuration list for PBXProject "mobile-ios-coins-loader" */;
			compatibilityVersion = "Xcode 9.3";
			developmentRegion = en;
			hasScannedForEncodings = 0;
			knownRegions = (
				en,
				Base,
			);
			mainGroup = 25EFEB6025B56AFD005DF546;
			productRefGroup = 25EFEB6A25B56AFD005DF546 /* Products */;
			projectDirPath = "";
			projectRoot = "";
			targets = (
				25EFEB6825B56AFD005DF546 /* mobile-ios-coins-loader */,
			);
		};
/* End PBXProject section */

/* Begin PBXResourcesBuildPhase section */
		25EFEB6725B56AFD005DF546 /* Resources */ = {
			isa = PBXResourcesBuildPhase;
			buildActionMask = 2147483647;
			files = (
				25EFEB7425B56AFE005DF546 /* Preview Assets.xcassets in Resources */,
				25EFEB7125B56AFE005DF546 /* Assets.xcassets in Resources */,
			);
			runOnlyForDeploymentPostprocessing = 0;
		};
/* End PBXResourcesBuildPhase section */

/* Begin PBXSourcesBuildPhase section */
		25EFEB6525B56AFD005DF546 /* Sources */ = {
			isa = PBXSourcesBuildPhase;
			buildActionMask = 2147483647;
			files = (
				25EFEB6F25B56AFD005DF546 /* ContentView.swift in Sources */,
				25EFEB6D25B56AFD005DF546 /* mobile_ios_coins_loaderApp.swift in Sources */,
			);
			runOnlyForDeploymentPostprocessing = 0;
		};
/* End PBXSourcesBuildPhase section */

/* Begin XCBuildConfiguration section */
		25EFEB7625B56AFE005DF546 /* Debug */ = {
			isa = XCBuildConfiguration;
			buildSettings = {
				ALWAYS_SEARCH_USER_PATHS = NO;
				CLANG_ANALYZER_NONNULL = YES;
				CLANG_ANALYZER_NUMBER_OBJECT_CONVERSION = YES_AGGRESSIVE;
				CLANG_CXX_LANGUAGE_STANDARD = "gnu++14";
				CLANG_CXX_LIBRARY = "libc++";
				CLANG_ENABLE_MODULES = YES;
				CLANG_ENABLE_OBJC_ARC = YES;
				CLANG_ENABLE_OBJC_WEAK = YES;
				CLANG_WARN_BLOCK_CAPTURE_AUTORELEASING = YES;
				CLANG_WARN_BOOL_CONVERSION = YES;
				CLANG_WARN_COMMA = YES;
				CLANG_WARN_CONSTANT_CONVERSION = YES;
				CLANG_WARN_DEPRECATED_OBJC_IMPLEMENTATIONS = YES;
				CLANG_WARN_DIRECT_OBJC_ISA_USAGE = YES_ERROR;
				CLANG_WARN_DOCUMENTATION_COMMENTS = YES;
				CLANG_WARN_EMPTY_BODY = YES;
				CLANG_WARN_ENUM_CONVERSION = YES;
				CLANG_WARN_INFINITE_RECURSION = YES;
				CLANG_WARN_INT_CONVERSION = YES;
				CLANG_WARN_NON_LITERAL_NULL_CONVERSION = YES;
				CLANG_WARN_OBJC_IMPLICIT_RETAIN_SELF = YES;
				CLANG_WARN_OBJC_LITERAL_CONVERSION = YES;
				CLANG_WARN_OBJC_ROOT_CLASS = YES_ERROR;
				CLANG_WARN_QUOTED_INCLUDE_IN_FRAMEWORK_HEADER = YES;
				CLANG_WARN_RANGE_LOOP_ANALYSIS = YES;
				CLANG_WARN_STRICT_PROTOTYPES = YES;
				CLANG_WARN_SUSPICIOUS_MOVE = YES;
				CLANG_WARN_UNGUARDED_AVAILABILITY = YES_AGGRESSIVE;
				CLANG_WARN_UNREACHABLE_CODE = YES;
				CLANG_WARN__DUPLICATE_METHOD_MATCH = YES;
				COPY_PHASE_STRIP = NO;
				DEBUG_INFORMATION_FORMAT = dwarf;
				ENABLE_STRICT_OBJC_MSGSEND = YES;
				ENABLE_TESTABILITY = YES;
				GCC_C_LANGUAGE_STANDARD = gnu11;
				GCC_DYNAMIC_NO_PIC = NO;
				GCC_NO_COMMON_BLOCKS = YES;
				GCC_OPTIMIZATION_LEVEL = 0;
				GCC_PREPROCESSOR_DEFINITIONS = (
					"DEBUG=1",
					"$(inherited)",
				);
				GCC_WARN_64_TO_32_BIT_CONVERSION = YES;
				GCC_WARN_ABOUT_RETURN_TYPE = YES_ERROR;
				GCC_WARN_UNDECLARED_SELECTOR = YES;
				GCC_WARN_UNINITIALIZED_AUTOS = YES_AGGRESSIVE;
				GCC_WARN_UNUSED_FUNCTION = YES;
				GCC_WARN_UNUSED_VARIABLE = YES;
				IPHONEOS_DEPLOYMENT_TARGET = 14.3;
				MTL_ENABLE_DEBUG_INFO = INCLUDE_SOURCE;
				MTL_FAST_MATH = YES;
				ONLY_ACTIVE_ARCH = YES;
				SDKROOT = iphoneos;
				SWIFT_ACTIVE_COMPILATION_CONDITIONS = DEBUG;
				SWIFT_OPTIMIZATION_LEVEL = "-Onone";
			};
			name = Debug;
		};
		25EFEB7725B56AFE005DF546 /* Release */ = {
			isa = XCBuildConfiguration;
			buildSettings = {
				ALWAYS_SEARCH_USER_PATHS = NO;
				CLANG_ANALYZER_NONNULL = YES;
				CLANG_ANALYZER_NUMBER_OBJECT_CONVERSION = YES_AGGRESSIVE;
				CLANG_CXX_LANGUAGE_STANDARD = "gnu++14";
				CLANG_CXX_LIBRARY = "libc++";
				CLANG_ENABLE_MODULES = YES;
				CLANG_ENABLE_OBJC_ARC = YES;
				CLANG_ENABLE_OBJC_WEAK = YES;
				CLANG_WARN_BLOCK_CAPTURE_AUTORELEASING = YES;
				CLANG_WARN_BOOL_CONVERSION = YES;
				CLANG_WARN_COMMA = YES;
				CLANG_WARN_CONSTANT_CONVERSION = YES;
				CLANG_WARN_DEPRECATED_OBJC_IMPLEMENTATIONS = YES;
				CLANG_WARN_DIRECT_OBJC_ISA_USAGE = YES_ERROR;
				CLANG_WARN_DOCUMENTATION_COMMENTS = YES;
				CLANG_WARN_EMPTY_BODY = YES;
				CLANG_WARN_ENUM_CONVERSION = YES;
				CLANG_WARN_INFINITE_RECURSION = YES;
				CLANG_WARN_INT_CONVERSION = YES;
				CLANG_WARN_NON_LITERAL_NULL_CONVERSION = YES;
				CLANG_WARN_OBJC_IMPLICIT_RETAIN_SELF = YES;
				CLANG_WARN_OBJC_LITERAL_CONVERSION = YES;
				CLANG_WARN_OBJC_ROOT_CLASS = YES_ERROR;
				CLANG_WARN_QUOTED_INCLUDE_IN_FRAMEWORK_HEADER = YES;
				CLANG_WARN_RANGE_LOOP_ANALYSIS = YES;
				CLANG_WARN_STRICT_PROTOTYPES = YES;
				CLANG_WARN_SUSPICIOUS_MOVE = YES;
				CLANG_WARN_UNGUARDED_AVAILABILITY = YES_AGGRESSIVE;
				CLANG_WARN_UNREACHABLE_CODE = YES;
				CLANG_WARN__DUPLICATE_METHOD_MATCH = YES;
				COPY_PHASE_STRIP = NO;
				DEBUG_INFORMATION_FORMAT = "dwarf-with-dsym";
				ENABLE_NS_ASSERTIONS = NO;
				ENABLE_STRICT_OBJC_MSGSEND = YES;
				GCC_C_LANGUAGE_STANDARD = gnu11;
				GCC_NO_COMMON_BLOCKS = YES;
				GCC_WARN_64_TO_32_BIT_CONVERSION = YES;
				GCC_WARN_ABOUT_RETURN_TYPE = YES_ERROR;
				GCC_WARN_UNDECLARED_SELECTOR = YES;
				GCC_WARN_UNINITIALIZED_AUTOS = YES_AGGRESSIVE;
				GCC_WARN_UNUSED_FUNCTION = YES;
				GCC_WARN_UNUSED_VARIABLE = YES;
				IPHONEOS_DEPLOYMENT_TARGET = 14.3;
				MTL_ENABLE_DEBUG_INFO = NO;
				MTL_FAST_MATH = YES;
				SDKROOT = iphoneos;
				SWIFT_COMPILATION_MODE = wholemodule;
				SWIFT_OPTIMIZATION_LEVEL = "-O";
				VALIDATE_PRODUCT = YES;
			};
			name = Release;
		};
		25EFEB7925B56AFE005DF546 /* Debug */ = {
			isa = XCBuildConfiguration;
			buildSettings = {
				ASSETCATALOG_COMPILER_APPICON_NAME = AppIcon;
				ASSETCATALOG_COMPILER_GLOBAL_ACCENT_COLOR_NAME = AccentColor;
				CODE_SIGN_STYLE = Automatic;
				DEVELOPMENT_ASSET_PATHS = "\"mobile-ios-coins-loader/Preview Content\"";
				DEVELOPMENT_TEAM = 3XE4MA22VR;
				ENABLE_PREVIEWS = YES;
				INFOPLIST_FILE = "mobile-ios-coins-loader/Info.plist";
				IPHONEOS_DEPLOYMENT_TARGET = 14.0;
				LD_RUNPATH_SEARCH_PATHS = (
					"$(inherited)",
					"@executable_path/Frameworks",
				);
				PRODUCT_BUNDLE_IDENTIFIER = "aij.mobile-ios-coins-loader";
				PRODUCT_NAME = "$(TARGET_NAME)";
				SWIFT_VERSION = 5.0;
				TARGETED_DEVICE_FAMILY = "1,2";
			};
			name = Debug;
		};
		25EFEB7A25B56AFE005DF546 /* Release */ = {
			isa = XCBuildConfiguration;
			buildSettings = {
				ASSETCATALOG_COMPILER_APPICON_NAME = AppIcon;
				ASSETCATALOG_COMPILER_GLOBAL_ACCENT_COLOR_NAME = AccentColor;
				CODE_SIGN_STYLE = Automatic;
				DEVELOPMENT_ASSET_PATHS = "\"mobile-ios-coins-loader/Preview Content\"";
				DEVELOPMENT_TEAM = 3XE4MA22VR;
				ENABLE_PREVIEWS = YES;
				INFOPLIST_FILE = "mobile-ios-coins-loader/Info.plist";
				IPHONEOS_DEPLOYMENT_TARGET = 14.0;
				LD_RUNPATH_SEARCH_PATHS = (
					"$(inherited)",
					"@executable_path/Frameworks",
				);
				PRODUCT_BUNDLE_IDENTIFIER = "aij.mobile-ios-coins-loader";
				PRODUCT_NAME = "$(TARGET_NAME)";
				SWIFT_VERSION = 5.0;
				TARGETED_DEVICE_FAMILY = "1,2";
			};
			name = Release;
		};
/* End XCBuildConfiguration section */

/* Begin XCConfigurationList section */
		25EFEB6425B56AFD005DF546 /* Build configuration list for PBXProject "mobile-ios-coins-loader" */ = {
			isa = XCConfigurationList;
			buildConfigurations = (
				25EFEB7625B56AFE005DF546 /* Debug */,
				25EFEB7725B56AFE005DF546 /* Release */,
			);
			defaultConfigurationIsVisible = 0;
			defaultConfigurationName = Release;
		};
		25EFEB7825B56AFE005DF546 /* Build configuration list for PBXNativeTarget "mobile-ios-coins-loader" */ = {
			isa = XCConfigurationList;
			buildConfigurations = (
				25EFEB7925B56AFE005DF546 /* Debug */,
				25EFEB7A25B56AFE005DF546 /* Release */,
			);
			defaultConfigurationIsVisible = 0;
			defaultConfigurationName = Release;
		};
/* End XCConfigurationList section */
	};
	rootObject = 25EFEB6125B56AFD005DF546 /* Project object */;
}
